
Microsoft Visual Studio Solution File, Format Version 12.00
# Visual Studio Version 17
VisualStudioVersion = 17.0.31912.275
MinimumVisualStudioVersion = 10.0.40219.1
Project("{9A19103F-16F7-4668-BE54-9A1E7A4F7556}") = "YetAnotherPacketParser", "YetAnotherPacketParser\YetAnotherPacketParser.csproj", "{99472784-A154-49F0-9E85-10F4A5300DE0}"
EndProject
Project("{9A19103F-16F7-4668-BE54-9A1E7A4F7556}") = "YetAnotherPacketParserCommandLine", "YetAnotherPacketParserCommandLine\YetAnotherPacketParserCommandLine.csproj", "{EC1C3290-BFAE-4E31-BF4E-A2A2D736DC6B}"
EndProject
Project("{9A19103F-16F7-4668-BE54-9A1E7A4F7556}") = "YetAnotherPacketParserTests", "YetAnotherPacketParserTests\YetAnotherPacketParserTests.csproj", "{811B7F2E-1E9C-486C-9B26-62B99C239CE0}"
EndProject
Project("{9A19103F-16F7-4668-BE54-9A1E7A4F7556}") = "YetAnotherPacketParserAPI", "YetAnotherPacketParserAPI\YetAnotherPacketParserAPI.csproj", "{90AD57C5-763C-494E-AE92-F90BB0BB5A88}"
EndProject
Global
	GlobalSection(SolutionConfigurationPlatforms) = preSolution
		Debug|Any CPU = Debug|Any CPU
		Release|Any CPU = Release|Any CPU
	EndGlobalSection
	GlobalSection(ProjectConfigurationPlatforms) = postSolution
		{99472784-A154-49F0-9E85-10F4A5300DE0}.Debug|Any CPU.ActiveCfg = Debug|Any CPU
		{99472784-A154-49F0-9E85-10F4A5300DE0}.Debug|Any CPU.Build.0 = Debug|Any CPU
		{99472784-A154-49F0-9E85-10F4A5300DE0}.Release|Any CPU.ActiveCfg = Release|Any CPU
		{99472784-A154-49F0-9E85-10F4A5300DE0}.Release|Any CPU.Build.0 = Release|Any CPU
		{EC1C3290-BFAE-4E31-BF4E-A2A2D736DC6B}.Debug|Any CPU.ActiveCfg = Debug|Any CPU
		{EC1C3290-BFAE-4E31-BF4E-A2A2D736DC6B}.Debug|Any CPU.Build.0 = Debug|Any CPU
		{EC1C3290-BFAE-4E31-BF4E-A2A2D736DC6B}.Release|Any CPU.ActiveCfg = Release|Any CPU
		{EC1C3290-BFAE-4E31-BF4E-A2A2D736DC6B}.Release|Any CPU.Build.0 = Release|Any CPU
		{811B7F2E-1E9C-486C-9B26-62B99C239CE0}.Debug|Any CPU.ActiveCfg = Debug|Any CPU
		{811B7F2E-1E9C-486C-9B26-62B99C239CE0}.Debug|Any CPU.Build.0 = Debug|Any CPU
		{811B7F2E-1E9C-486C-9B26-62B99C239CE0}.Release|Any CPU.ActiveCfg = Release|Any CPU
		{811B7F2E-1E9C-486C-9B26-62B99C239CE0}.Release|Any CPU.Build.0 = Release|Any CPU
		{90AD57C5-763C-494E-AE92-F90BB0BB5A88}.Debug|Any CPU.ActiveCfg = Debug|Any CPU
		{90AD57C5-763C-494E-AE92-F90BB0BB5A88}.Debug|Any CPU.Build.0 = Debug|Any CPU
		{90AD57C5-763C-494E-AE92-F90BB0BB5A88}.Release|Any CPU.ActiveCfg = Release|Any CPU
		{90AD57C5-763C-494E-AE92-F90BB0BB5A88}.Release|Any CPU.Build.0 = Release|Any CPU
	EndGlobalSection
	GlobalSection(SolutionProperties) = preSolution
		HideSolutionNode = FALSE
	EndGlobalSection
	GlobalSection(ExtensibilityGlobals) = postSolution
		SolutionGuid = {9A39DE69-945F-4AF9-9F93-F3698AD663FA}
	EndGlobalSection
EndGlobal
